
Microsoft Visual Studio Solution File, Format Version 12.00
# Visual Studio Version 17
VisualStudioVersion = 17.0.31903.59
MinimumVisualStudioVersion = 10.0.40219.1
Project("{FAE04EC0-301F-11D3-BF4B-00C04F79EFBC}") = "UtmBuilder.Core", "UtmBuilder.Core\UtmBuilder.Core.csproj", "{C7E49168-C8E6-4293-BAD7-A4724B51D83A}"
EndProject
Project("{FAE04EC0-301F-11D3-BF4B-00C04F79EFBC}") = "UtmBuilder.Core.Tests", "UtmBuilder.Core.Tests\UtmBuilder.Core.Tests.csproj", "{71079A19-9704-40C0-99EC-DA1ADF39B915}"
EndProject
Global
	GlobalSection(SolutionConfigurationPlatforms) = preSolution
		Debug|Any CPU = Debug|Any CPU
		Release|Any CPU = Release|Any CPU
	EndGlobalSection
	GlobalSection(SolutionProperties) = preSolution
		HideSolutionNode = FALSE
	EndGlobalSection
	GlobalSection(ProjectConfigurationPlatforms) = postSolution
		{C7E49168-C8E6-4293-BAD7-A4724B51D83A}.Debug|Any CPU.ActiveCfg = Debug|Any CPU
		{C7E49168-C8E6-4293-BAD7-A4724B51D83A}.Debug|Any CPU.Build.0 = Debug|Any CPU
		{C7E49168-C8E6-4293-BAD7-A4724B51D83A}.Release|Any CPU.ActiveCfg = Release|Any CPU
		{C7E49168-C8E6-4293-BAD7-A4724B51D83A}.Release|Any CPU.Build.0 = Release|Any CPU
		{71079A19-9704-40C0-99EC-DA1ADF39B915}.Debug|Any CPU.ActiveCfg = Debug|Any CPU
		{71079A19-9704-40C0-99EC-DA1ADF39B915}.Debug|Any CPU.Build.0 = Debug|Any CPU
		{71079A19-9704-40C0-99EC-DA1ADF39B915}.Release|Any CPU.ActiveCfg = Release|Any CPU
		{71079A19-9704-40C0-99EC-DA1ADF39B915}.Release|Any CPU.Build.0 = Release|Any CPU
	EndGlobalSection
EndGlobal
